
Microsoft Visual Studio Solution File, Format Version 12.00
# Visual Studio Version 17
VisualStudioVersion = 17.7.34202.233
MinimumVisualStudioVersion = 10.0.40219.1
Project("{FAE04EC0-301F-11D3-BF4B-00C04F79EFBC}") = "App_Registros", "App_Registros\App_Registros.csproj", "{2EFC2B83-7968-4EE7-86F6-D6F4C9E4CA9E}"
EndProject
Global
	GlobalSection(SolutionConfigurationPlatforms) = preSolution
		Debug|Any CPU = Debug|Any CPU
		Release|Any CPU = Release|Any CPU
	EndGlobalSection
	GlobalSection(ProjectConfigurationPlatforms) = postSolution
		{2EFC2B83-7968-4EE7-86F6-D6F4C9E4CA9E}.Debug|Any CPU.ActiveCfg = Debug|Any CPU
		{2EFC2B83-7968-4EE7-86F6-D6F4C9E4CA9E}.Debug|Any CPU.Build.0 = Debug|Any CPU
		{2EFC2B83-7968-4EE7-86F6-D6F4C9E4CA9E}.Release|Any CPU.ActiveCfg = Release|Any CPU
		{2EFC2B83-7968-4EE7-86F6-D6F4C9E4CA9E}.Release|Any CPU.Build.0 = Release|Any CPU
	EndGlobalSection
	GlobalSection(SolutionProperties) = preSolution
		HideSolutionNode = FALSE
	EndGlobalSection
	GlobalSection(ExtensibilityGlobals) = postSolution
		SolutionGuid = {5FCD257D-2554-428C-AF96-E8D1B2F457ED}
	EndGlobalSection
EndGlobal
